# This file is automatically @generated by Poetry 1.8.3 and should not be changed by hand.

[[package]]
name = "texttable"
version = "1.7.0"
description = "module to create simple ASCII tables"
optional = false
python-versions = "*"
files = [
    {file = "texttable-1.7.0-py2.py3-none-any.whl", hash = "sha256:72227d592c82b3d7f672731ae73e4d1f88cd8e2ef5b075a7a7f01a23a3743917"},
    {file = "texttable-1.7.0.tar.gz", hash = "sha256:2d2068fb55115807d3ac77a4ca68fa48803e84ebb0ee2340f858107a36522638"},
]

[[package]]
name = "xlsxwriter"
version = "3.2.0"
description = "A Python module for creating Excel XLSX files."
optional = false
python-versions = ">=3.6"
files = [
    {file = "XlsxWriter-3.2.0-py3-none-any.whl", hash = "sha256:ecfd5405b3e0e228219bcaf24c2ca0915e012ca9464a14048021d21a995d490e"},
    {file = "XlsxWriter-3.2.0.tar.gz", hash = "sha256:9977d0c661a72866a61f9f7a809e25ebbb0fb7036baa3b9fe74afcfca6b3cb8c"},
]

[metadata]
lock-version = "2.0"
python-versions = "^3.8"
content-hash = "8fb140db1d8124ead5586f07bed91b27226759adba3e37a742edf38a0ee7b04e"
